{
  "name": "textile-wave",
  "version": "1.0.0",
  "lockfileVersion": 3,
  "requires": true,
  "packages": {
    "": {
      "name": "textile-wave",
      "version": "1.0.0",
      "license": "ISC",
      "devDependencies": {
        "@webgpu/types": "^0.1.74"
      }
    },
    "node_modules/@webgpu/types": {
      "version": "0.1.74",
      "resolved": "https://registry.npmjs.org/@webgpu/types/-/types-0.1.74.tgz",
      "integrity": "sha512-lgiI4hbuLcI9unnm2cL/tvCaQU45dp0xcLWJh5uB/9MBGvIA4F8XIk7nSiBeg+K4xWGYwgZKn80LmERI5CxoTA==",
      "dev": true,
      "license": "BSD-3-Clause"
    }
  }
}
